
Microsoft Visual Studio Solution File, Format Version 12.00
# Visual Studio 15
VisualStudioVersion = 15.0.26430.14
MinimumVisualStudioVersion = 10.0.40219.1
Project("{9A19103F-16F7-4668-BE54-9A1E7A4F7556}") = "Reviews", "Library\Reviews.csproj", "{64A85479-A6E6-4666-A2FA-58F794CD7C7F}"
EndProject
Project("{9A19103F-16F7-4668-BE54-9A1E7A4F7556}") = "Data", "LibraryData\Data.csproj", "{A6B7DE80-EFB7-406D-9BBD-38B5C9BE5C7D}"
EndProject
Project("{9A19103F-16F7-4668-BE54-9A1E7A4F7556}") = "DataService", "LibraryService\DataService.csproj", "{2A370C5A-E09F-4F53-B776-99DD2FF96628}"
EndProject
Global
	GlobalSection(SolutionConfigurationPlatforms) = preSolution
		Debug|Any CPU = Debug|Any CPU
		Release|Any CPU = Release|Any CPU
	EndGlobalSection
	GlobalSection(ProjectConfigurationPlatforms) = postSolution
		{64A85479-A6E6-4666-A2FA-58F794CD7C7F}.Debug|Any CPU.ActiveCfg = Debug|Any CPU
		{64A85479-A6E6-4666-A2FA-58F794CD7C7F}.Debug|Any CPU.Build.0 = Debug|Any CPU
		{64A85479-A6E6-4666-A2FA-58F794CD7C7F}.Release|Any CPU.ActiveCfg = Release|Any CPU
		{64A85479-A6E6-4666-A2FA-58F794CD7C7F}.Release|Any CPU.Build.0 = Release|Any CPU
		{A6B7DE80-EFB7-406D-9BBD-38B5C9BE5C7D}.Debug|Any CPU.ActiveCfg = Debug|Any CPU
		{A6B7DE80-EFB7-406D-9BBD-38B5C9BE5C7D}.Debug|Any CPU.Build.0 = Debug|Any CPU
		{A6B7DE80-EFB7-406D-9BBD-38B5C9BE5C7D}.Release|Any CPU.ActiveCfg = Release|Any CPU
		{A6B7DE80-EFB7-406D-9BBD-38B5C9BE5C7D}.Release|Any CPU.Build.0 = Release|Any CPU
		{2A370C5A-E09F-4F53-B776-99DD2FF96628}.Debug|Any CPU.ActiveCfg = Debug|Any CPU
		{2A370C5A-E09F-4F53-B776-99DD2FF96628}.Debug|Any CPU.Build.0 = Debug|Any CPU
		{2A370C5A-E09F-4F53-B776-99DD2FF96628}.Release|Any CPU.ActiveCfg = Release|Any CPU
		{2A370C5A-E09F-4F53-B776-99DD2FF96628}.Release|Any CPU.Build.0 = Release|Any CPU
	EndGlobalSection
	GlobalSection(SolutionProperties) = preSolution
		HideSolutionNode = FALSE
	EndGlobalSection
	GlobalSection(ExtensibilityGlobals) = postSolution
		SolutionGuid = {ACC31A03-BDA4-4E44-AF8C-75D1286E2D75}
	EndGlobalSection
EndGlobal
